
Microsoft Visual Studio Solution File, Format Version 12.00
# Visual Studio Version 17
VisualStudioVersion = 17.4.33205.214
MinimumVisualStudioVersion = 10.0.40219.1
Project("{888888A0-9F3D-457C-B088-3A5042F75D52}") = "game1", "game1.pyproj", "{C2F47D17-13F4-43A4-82F3-D89C864F470C}"
EndProject
Global
	GlobalSection(SolutionConfigurationPlatforms) = preSolution
		Debug|Any CPU = Debug|Any CPU
		Release|Any CPU = Release|Any CPU
	EndGlobalSection
	GlobalSection(ProjectConfigurationPlatforms) = postSolution
		{C2F47D17-13F4-43A4-82F3-D89C864F470C}.Debug|Any CPU.ActiveCfg = Debug|Any CPU
		{C2F47D17-13F4-43A4-82F3-D89C864F470C}.Release|Any CPU.ActiveCfg = Release|Any CPU
	EndGlobalSection
	GlobalSection(SolutionProperties) = preSolution
		HideSolutionNode = FALSE
	EndGlobalSection
	GlobalSection(ExtensibilityGlobals) = postSolution
		SolutionGuid = {F7C59389-795D-42CE-B3E7-310229E22984}
	EndGlobalSection
EndGlobal
